
Microsoft Visual Studio Solution File, Format Version 12.00
# Visual Studio Version 17
VisualStudioVersion = 17.7.34221.43
MinimumVisualStudioVersion = 10.0.40219.1
Project("{FAE04EC0-301F-11D3-BF4B-00C04F79EFBC}") = "GelişmişHesapMakinesi", "GelişmişHesapMakinesi\GelişmişHesapMakinesi.csproj", "{FEDAFA21-7A26-46A3-BBC5-1F80E6FA712B}"
EndProject
Global
	GlobalSection(SolutionConfigurationPlatforms) = preSolution
		Debug|Any CPU = Debug|Any CPU
		Release|Any CPU = Release|Any CPU
	EndGlobalSection
	GlobalSection(ProjectConfigurationPlatforms) = postSolution
		{FEDAFA21-7A26-46A3-BBC5-1F80E6FA712B}.Debug|Any CPU.ActiveCfg = Debug|Any CPU
		{FEDAFA21-7A26-46A3-BBC5-1F80E6FA712B}.Debug|Any CPU.Build.0 = Debug|Any CPU
		{FEDAFA21-7A26-46A3-BBC5-1F80E6FA712B}.Release|Any CPU.ActiveCfg = Release|Any CPU
		{FEDAFA21-7A26-46A3-BBC5-1F80E6FA712B}.Release|Any CPU.Build.0 = Release|Any CPU
	EndGlobalSection
	GlobalSection(SolutionProperties) = preSolution
		HideSolutionNode = FALSE
	EndGlobalSection
	GlobalSection(ExtensibilityGlobals) = postSolution
		SolutionGuid = {D3DCF827-B04D-4268-B2B3-19689AF782BB}
	EndGlobalSection
EndGlobal
